{
  "name": "insomnia-plugin-simple-hmac-auth",
  "version": "1.0.2",
  "lockfileVersion": 1,
  "requires": true,
  "dependencies": {
    "qs": {
      "version": "6.9.4",
      "resolved": "https://registry.npmjs.org/qs/-/qs-6.9.4.tgz",
      "integrity": "sha512-A1kFqHekCTM7cz0udomYUoYNWjBebHm/5wzU/XqrBRBNWectVH0QIiN+NEcZ0Dte5hvzHwbr8+XQmguPhJ6WdQ=="
    },
    "simple-hmac-auth": {
      "version": "3.3.1",
      "resolved": "https://registry.npmjs.org/simple-hmac-auth/-/simple-hmac-auth-3.3.1.tgz",
      "integrity": "sha512-ur6Y0p7qYNhf1lFN0mipbIkE2aZqZrXTuN4/bpdoKVrqTKhbzTbN34wuuq/mnAxzWKVlxvBPW0Fvrsaxm9Ux7w=="
    }
  }
}
